{
  "nodes": {
    "fast-nix-gc": {
      "inputs": {
        "nix-darwin": "nix-darwin",
        "nixpkgs": [
          "nixpkgs"
        ],
        "treefmt-nix": "treefmt-nix"
      },
      "locked": {
        "lastModified": 1790859008,
        "narHash": "sha256-wnFAQIAnjxqXUtkhdxSwegmI3kmDg23zrqsl5iI/jgA=",
        "owner": "Mic92",
        "repo": "fast-nix-gc",
        "rev": "78aeb273d682ae18197f7036ca8e03a2715568fc",
        "type": "github"
      },
      "original": {
        "owner": "Mic92",
        "repo": "fast-nix-gc",
        "type": "github"
      }
    },
    "flake-file": {
      "locked": {
        "lastModified": 1790698230,
        "narHash": "sha256-24oUHm2evb57Dgu46X41rLY9ue/au47nxbaUTo6lJVc=",
        "owner": "denful",
        "repo": "flake-file",
        "rev": "91280a19eede3b3035e3889a3523c27e8fc07886",
        "type": "github"
      },
      "original": {
        "owner": "denful",
        "repo": "flake-file",
        "type": "github"
      }
    },
    "flake-parts": {
      "inputs": {
        "nixpkgs-lib": [
          "nixpkgs"
        ]
      },
      "locked": {
        "lastModified": 1790898470,
        "narHash": "sha256-zTwuwezD0w3hpga6a6P8emidzAZFyWqlNeRBlpWOOl8=",
        "owner": "hercules-ci",
        "repo": "flake-parts",
        "rev": "024633cd702b10285db5cb19b40ad48d2399ba60",
        "type": "github"
      },
      "original": {
        "owner": "hercules-ci",
        "repo": "flake-parts",
        "type": "github"
      }
    },
    "import-tree": {
      "locked": {
        "lastModified": 1788467110,
        "narHash": "sha256-ljEMTXP/rH0tOvDzc9gzwww6KcHRPRnEHzd9lK48V7s=",
        "owner": "denful",
        "repo": "import-tree",
        "rev": "eb1b52eaecc57f7c136d07ae8a93e724dfecac46",
        "type": "github"
      },
      "original": {
        "owner": "denful",
        "repo": "import-tree",
        "type": "github"
      }
    },
    "niks3": {
      "inputs": {
        "nixpkgs": [
          "nixpkgs"
        ],
        "treefmt-nix": [
          "treefmt-nix"
        ]
      },
      "locked": {
        "lastModified": 1790859766,
        "narHash": "sha256-+o+9uqFea74jfdQIBihtq4rQu/u6fJSD41/aDa4kzpw=",
        "owner": "Mic92",
        "repo": "niks3",
        "rev": "dadc31ade254d3009b75f2e0e2f9a6f24466363c",
        "type": "github"
      },
      "original": {
        "owner": "Mic92",
        "repo": "niks3",
        "type": "github"
      }
    },
    "nix-darwin": {
      "inputs": {
        "nixpkgs": [
          "fast-nix-gc",
          "nixpkgs"
        ]
      },
      "locked": {
        "lastModified": 1785389976,
        "narHash": "sha256-0tLW8Ff5yt8AH97jw4ZpFJ0OCJ122zIlgWGDmOfU/VU=",
        "owner": "nix-darwin",
        "repo": "nix-darwin",
        "rev": "15abb8c98f336cd8bd840d71059adebabe60bf04",
        "type": "github"
      },
      "original": {
        "owner": "nix-darwin",
        "repo": "nix-darwin",
        "type": "github"
      }
    },
    "nixpkgs": {
      "locked": {
        "lastModified": 1790822859,
        "narHash": "sha256-69xHQhAeMAD2wDXO7T2pcOZIF9Sga2W+JkmY2a11Ops=",
        "owner": "NixOS",
        "repo": "nixpkgs",
        "rev": "c59305bab2065cfecc4944690d9eedbb56f3a9fa",
        "type": "github"
      },
      "original": {
        "owner": "NixOS",
        "ref": "nixos-unstable",
        "repo": "nixpkgs",
        "type": "github"
      }
    },
    "root": {
      "inputs": {
        "fast-nix-gc": "fast-nix-gc",
        "flake-file": "flake-file",
        "flake-parts": "flake-parts",
        "import-tree": "import-tree",
        "niks3": "niks3",
        "nixpkgs": "nixpkgs",
        "sops-nix": "sops-nix",
        "treefmt-nix": "treefmt-nix_2"
      }
    },
    "sops-nix": {
      "inputs": {
        "nixpkgs": [
          "nixpkgs"
        ]
      },
      "locked": {
        "lastModified": 1790498116,
        "narHash": "sha256-rs9meAYxW3zzrh43yaW7htrqCD+X9+pupDPHN86fumI=",
        "owner": "Mic92",
        "repo": "sops-nix",
        "rev": "5efb5a6f4f5ab192817d28557dd4d650fa14d866",
        "type": "github"
      },
      "original": {
        "owner": "Mic92",
        "repo": "sops-nix",
        "type": "github"
      }
    },
    "treefmt-nix": {
      "inputs": {
        "nixpkgs": [
          "fast-nix-gc",
          "nixpkgs"
        ]
      },
      "locked": {
        "lastModified": 1786901030,
        "narHash": "sha256-WSFCsDSE5ffgD2MqzkM2CYjeFiKhRF/dJUN8uedb6YE=",
        "owner": "numtide",
        "repo": "treefmt-nix",
        "rev": "27b3b12a8e6375f28ebe122f07d230ca5459bbfa",
        "type": "github"
      },
      "original": {
        "owner": "numtide",
        "repo": "treefmt-nix",
        "type": "github"
      }
    },
    "treefmt-nix_2": {
      "inputs": {
        "nixpkgs": [
          "nixpkgs"
        ]
      },
      "locked": {
        "lastModified": 1786901030,
        "narHash": "sha256-WSFCsDSE5ffgD2MqzkM2CYjeFiKhRF/dJUN8uedb6YE=",
        "owner": "numtide",
        "repo": "treefmt-nix",
        "rev": "27b3b12a8e6375f28ebe122f07d230ca5459bbfa",
        "type": "github"
      },
      "original": {
        "owner": "numtide",
        "repo": "treefmt-nix",
        "type": "github"
      }
    }
  },
  "root": "root",
  "version": 7
}
